
Microsoft Visual Studio Solution File, Format Version 12.00
# Visual Studio Version 17
VisualStudioVersion = 17.3.32819.101
MinimumVisualStudioVersion = 10.0.40219.1
Project("{FAE04EC0-301F-11D3-BF4B-00C04F79EFBC}") = "DankaFinal", "DankaFinal\DankaFinal.csproj", "{A730F172-403B-4C66-A668-7DC173FA6357}"
EndProject
Global
	GlobalSection(SolutionConfigurationPlatforms) = preSolution
		Debug|Any CPU = Debug|Any CPU
		Release|Any CPU = Release|Any CPU
	EndGlobalSection
	GlobalSection(ProjectConfigurationPlatforms) = postSolution
		{A730F172-403B-4C66-A668-7DC173FA6357}.Debug|Any CPU.ActiveCfg = Debug|Any CPU
		{A730F172-403B-4C66-A668-7DC173FA6357}.Debug|Any CPU.Build.0 = Debug|Any CPU
		{A730F172-403B-4C66-A668-7DC173FA6357}.Release|Any CPU.ActiveCfg = Release|Any CPU
		{A730F172-403B-4C66-A668-7DC173FA6357}.Release|Any CPU.Build.0 = Release|Any CPU
	EndGlobalSection
	GlobalSection(SolutionProperties) = preSolution
		HideSolutionNode = FALSE
	EndGlobalSection
	GlobalSection(ExtensibilityGlobals) = postSolution
		SolutionGuid = {0F4D83B0-9F6D-4A0E-96B2-AD42ABBF0E22}
	EndGlobalSection
EndGlobal
